// !$*UTF8*$!
{
	archiveVersion = 1;
	classes = {
	};
	objectVersion = 56;
	objects = {

/* Begin PBXBuildFile section */
		182EDA0D29E9580E00E1CE38 /* YoutubeVideo.swift in Sources */ = {isa = PBXBuildFile; fileRef = 182EDA0C29E9580E00E1CE38 /* YoutubeVideo.swift */; };
		182EDA0F29E98ED800E1CE38 /* YoutubeView.swift in Sources */ = {isa = PBXBuildFile; fileRef = 182EDA0E29E98ED800E1CE38 /* YoutubeView.swift */; };
		182EDA1329E9901F00E1CE38 /* YouTubePlayerKit in Frameworks */ = {isa = PBXBuildFile; productRef = 182EDA1229E9901F00E1CE38 /* YouTubePlayerKit */; };
		18354E9929E83A3F00135876 /* DetailMovieModel.swift in Sources */ = {isa = PBXBuildFile; fileRef = 18354E9829E83A3F00135876 /* DetailMovieModel.swift */; };
		1877C32829EA663400D51BFB /* SearchView.swift in Sources */ = {isa = PBXBuildFile; fileRef = 1877C32729EA663400D51BFB /* SearchView.swift */; };
		1877C32C29EA66D800D51BFB /* SearchViewModel.swift in Sources */ = {isa = PBXBuildFile; fileRef = 1877C32B29EA66D800D51BFB /* SearchViewModel.swift */; };
		1877C32F29EA6FB700D51BFB /* SearchTextField.swift in Sources */ = {isa = PBXBuildFile; fileRef = 1877C32E29EA6FB700D51BFB /* SearchTextField.swift */; };
		1877C33129EA7F6600D51BFB /* SearchReasult.swift in Sources */ = {isa = PBXBuildFile; fileRef = 1877C33029EA7F6600D51BFB /* SearchReasult.swift */; };
		1877C33329EA812A00D51BFB /* SearchMovieView.swift in Sources */ = {isa = PBXBuildFile; fileRef = 1877C33229EA812A00D51BFB /* SearchMovieView.swift */; };
		1877C33529EAAA2000D51BFB /* SearchMoviesView.swift in Sources */ = {isa = PBXBuildFile; fileRef = 1877C33429EAAA2000D51BFB /* SearchMoviesView.swift */; };
		1877C33829EAAC4800D51BFB /* SearchMovieDetailView.swift in Sources */ = {isa = PBXBuildFile; fileRef = 1877C33729EAAC4800D51BFB /* SearchMovieDetailView.swift */; };
		1877C33A29EAAFC000D51BFB /* SearchMovieDetailViewViewModel.swift in Sources */ = {isa = PBXBuildFile; fileRef = 1877C33929EAAFC000D51BFB /* SearchMovieDetailViewViewModel.swift */; };
		1877C33D29EABAF400D51BFB /* Launch Screen.storyboard in Resources */ = {isa = PBXBuildFile; fileRef = 1877C33C29EABAF400D51BFB /* Launch Screen.storyboard */; };
		1877C33F29EADA8900D51BFB /* CoredataManager.swift in Sources */ = {isa = PBXBuildFile; fileRef = 1877C33E29EADA8900D51BFB /* CoredataManager.swift */; };
		1877C34529EADB2800D51BFB /* MovieContainer.xcdatamodeld in Sources */ = {isa = PBXBuildFile; fileRef = 1877C34329EADB2800D51BFB /* MovieContainer.xcdatamodeld */; };
		1877C34829EB050F00D51BFB /* FavoriteView.swift in Sources */ = {isa = PBXBuildFile; fileRef = 1877C34729EB050F00D51BFB /* FavoriteView.swift */; };
		1877C34B29EB09C000D51BFB /* FavoriteViewViewModel.swift in Sources */ = {isa = PBXBuildFile; fileRef = 1877C34A29EB09C000D51BFB /* FavoriteViewViewModel.swift */; };
		1877C34D29EB0B0800D51BFB /* FavoriteCellView.swift in Sources */ = {isa = PBXBuildFile; fileRef = 1877C34C29EB0B0800D51BFB /* FavoriteCellView.swift */; };
		1881353329EBE47900DF9021 /* SettingsView.swift in Sources */ = {isa = PBXBuildFile; fileRef = 1881353229EBE47900DF9021 /* SettingsView.swift */; };
		1881353529EBEEA900DF9021 /* SettingsViewViewModel.swift in Sources */ = {isa = PBXBuildFile; fileRef = 1881353429EBEEA900DF9021 /* SettingsViewViewModel.swift */; };
		1881353729EBEF2200DF9021 /* UserModel.swift in Sources */ = {isa = PBXBuildFile; fileRef = 1881353629EBEF2200DF9021 /* UserModel.swift */; };
		1881353C29EC27FE00DF9021 /* PhotoPicker.swift in Sources */ = {isa = PBXBuildFile; fileRef = 1881353B29EC27FE00DF9021 /* PhotoPicker.swift */; };
		1898416E29E59E8900298926 /* MovieTrailersAppApp.swift in Sources */ = {isa = PBXBuildFile; fileRef = 1898416D29E59E8900298926 /* MovieTrailersAppApp.swift */; };
		1898417229E59E8C00298926 /* Assets.xcassets in Resources */ = {isa = PBXBuildFile; fileRef = 1898417129E59E8C00298926 /* Assets.xcassets */; };
		1898417529E59E8C00298926 /* Preview Assets.xcassets in Resources */ = {isa = PBXBuildFile; fileRef = 1898417429E59E8C00298926 /* Preview Assets.xcassets */; };
		1898418129E59EBF00298926 /* MainTabBar.swift in Sources */ = {isa = PBXBuildFile; fileRef = 1898418029E59EBF00298926 /* MainTabBar.swift */; };
		1898418729E59F7500298926 /* DetaillMovieView.swift in Sources */ = {isa = PBXBuildFile; fileRef = 1898418529E59F7500298926 /* DetaillMovieView.swift */; };
		1898418829E59F7500298926 /* MovieView.swift in Sources */ = {isa = PBXBuildFile; fileRef = 1898418629E59F7500298926 /* MovieView.swift */; };
		1898418929E59F7500298926 /* MoviesView.swift in Sources */ = {isa = PBXBuildFile; fileRef = 1898418429E59F7500298926 /* MoviesView.swift */; };
		1898418C29E59FA900298926 /* MovieModel.swift in Sources */ = {isa = PBXBuildFile; fileRef = 1898418B29E59FA900298926 /* MovieModel.swift */; };
		1898418F29E5A02600298926 /* MovieViewModel.swift in Sources */ = {isa = PBXBuildFile; fileRef = 1898418E29E5A02600298926 /* MovieViewModel.swift */; };
		18C0AC5B29E6845D009F9CEA /* Alamofire in Frameworks */ = {isa = PBXBuildFile; productRef = 18C0AC5A29E6845D009F9CEA /* Alamofire */; };
		18C0AC6129E68F54009F9CEA /* SDWebImageSwiftUI in Frameworks */ = {isa = PBXBuildFile; productRef = 18C0AC6029E68F54009F9CEA /* SDWebImageSwiftUI */; };
		18C0AC6329E69FF9009F9CEA /* Constants.swift in Sources */ = {isa = PBXBuildFile; fileRef = 18C0AC6229E69FF9009F9CEA /* Constants.swift */; };
		18C0AC6529E6B1F6009F9CEA /* MovieDetailViewModel.swift in Sources */ = {isa = PBXBuildFile; fileRef = 18C0AC6429E6B1F6009F9CEA /* MovieDetailViewModel.swift */; };
		18C0AC6729E6BFD2009F9CEA /* PlayerView.swift in Sources */ = {isa = PBXBuildFile; fileRef = 18C0AC6629E6BFD2009F9CEA /* PlayerView.swift */; };
		18C0AC6929E6D066009F9CEA /* WebKitView.swift in Sources */ = {isa = PBXBuildFile; fileRef = 18C0AC6829E6D066009F9CEA /* WebKitView.swift */; };
		18C0AC6B29E6EF35009F9CEA /* DetailMovie.swift in Sources */ = {isa = PBXBuildFile; fileRef = 18C0AC6A29E6EF35009F9CEA /* DetailMovie.swift */; };
/* End PBXBuildFile section */

/* Begin PBXFileReference section */
		182EDA0C29E9580E00E1CE38 /* YoutubeVideo.swift */ = {isa = PBXFileReference; lastKnownFileType = sourcecode.swift; path = YoutubeVideo.swift; sourceTree = "<group>"; };
		182EDA0E29E98ED800E1CE38 /* YoutubeView.swift */ = {isa = PBXFileReference; lastKnownFileType = sourcecode.swift; path = YoutubeView.swift; sourceTree = "<group>"; };
		18354E9829E83A3F00135876 /* DetailMovieModel.swift */ = {isa = PBXFileReference; lastKnownFileType = sourcecode.swift; path = DetailMovieModel.swift; sourceTree = "<group>"; };
		1877C32729EA663400D51BFB /* SearchView.swift */ = {isa = PBXFileReference; lastKnownFileType = sourcecode.swift; path = SearchView.swift; sourceTree = "<group>"; };
		1877C32B29EA66D800D51BFB /* SearchViewModel.swift */ = {isa = PBXFileReference; lastKnownFileType = sourcecode.swift; path = SearchViewModel.swift; sourceTree = "<group>"; };
		1877C32E29EA6FB700D51BFB /* SearchTextField.swift */ = {isa = PBXFileReference; lastKnownFileType = sourcecode.swift; path = SearchTextField.swift; sourceTree = "<group>"; };
		1877C33029EA7F6600D51BFB /* SearchReasult.swift */ = {isa = PBXFileReference; lastKnownFileType = sourcecode.swift; path = SearchReasult.swift; sourceTree = "<group>"; };
		1877C33229EA812A00D51BFB /* SearchMovieView.swift */ = {isa = PBXFileReference; lastKnownFileType = sourcecode.swift; path = SearchMovieView.swift; sourceTree = "<group>"; };
		1877C33429EAAA2000D51BFB /* SearchMoviesView.swift */ = {isa = PBXFileReference; lastKnownFileType = sourcecode.swift; path = SearchMoviesView.swift; sourceTree = "<group>"; };
		1877C33729EAAC4800D51BFB /* SearchMovieDetailView.swift */ = {isa = PBXFileReference; lastKnownFileType = sourcecode.swift; path = SearchMovieDetailView.swift; sourceTree = "<group>"; };
		1877C33929EAAFC000D51BFB /* SearchMovieDetailViewViewModel.swift */ = {isa = PBXFileReference; lastKnownFileType = sourcecode.swift; path = SearchMovieDetailViewViewModel.swift; sourceTree = "<group>"; };
		1877C33C29EABAF400D51BFB /* Launch Screen.storyboard */ = {isa = PBXFileReference; lastKnownFileType = file.storyboard; path = "Launch Screen.storyboard"; sourceTree = "<group>"; };
		1877C33E29EADA8900D51BFB /* CoredataManager.swift */ = {isa = PBXFileReference; lastKnownFileType = sourcecode.swift; path = CoredataManager.swift; sourceTree = "<group>"; };
		1877C34429EADB2800D51BFB /* MovieContainer.xcdatamodel */ = {isa = PBXFileReference; lastKnownFileType = wrapper.xcdatamodel; path = MovieContainer.xcdatamodel; sourceTree = "<group>"; };
		1877C34729EB050F00D51BFB /* FavoriteView.swift */ = {isa = PBXFileReference; lastKnownFileType = sourcecode.swift; path = FavoriteView.swift; sourceTree = "<group>"; };
		1877C34A29EB09C000D51BFB /* FavoriteViewViewModel.swift */ = {isa = PBXFileReference; lastKnownFileType = sourcecode.swift; path = FavoriteViewViewModel.swift; sourceTree = "<group>"; };
		1877C34C29EB0B0800D51BFB /* FavoriteCellView.swift */ = {isa = PBXFileReference; lastKnownFileType = sourcecode.swift; path = FavoriteCellView.swift; sourceTree = "<group>"; };
		1881353229EBE47900DF9021 /* SettingsView.swift */ = {isa = PBXFileReference; lastKnownFileType = sourcecode.swift; path = SettingsView.swift; sourceTree = "<group>"; };
		1881353429EBEEA900DF9021 /* SettingsViewViewModel.swift */ = {isa = PBXFileReference; lastKnownFileType = sourcecode.swift; path = SettingsViewViewModel.swift; sourceTree = "<group>"; };
		1881353629EBEF2200DF9021 /* UserModel.swift */ = {isa = PBXFileReference; lastKnownFileType = sourcecode.swift; path = UserModel.swift; sourceTree = "<group>"; };
		1881353B29EC27FE00DF9021 /* PhotoPicker.swift */ = {isa = PBXFileReference; lastKnownFileType = sourcecode.swift; path = PhotoPicker.swift; sourceTree = "<group>"; };
		1898416A29E59E8900298926 /* MovieTrailersApp.app */ = {isa = PBXFileReference; explicitFileType = wrapper.application; includeInIndex = 0; path = MovieTrailersApp.app; sourceTree = BUILT_PRODUCTS_DIR; };
		1898416D29E59E8900298926 /* MovieTrailersAppApp.swift */ = {isa = PBXFileReference; lastKnownFileType = sourcecode.swift; path = MovieTrailersAppApp.swift; sourceTree = "<group>"; };
		1898417129E59E8C00298926 /* Assets.xcassets */ = {isa = PBXFileReference; lastKnownFileType = folder.assetcatalog; path = Assets.xcassets; sourceTree = "<group>"; };
		1898417429E59E8C00298926 /* Preview Assets.xcassets */ = {isa = PBXFileReference; lastKnownFileType = folder.assetcatalog; path = "Preview Assets.xcassets"; sourceTree = "<group>"; };
		1898418029E59EBF00298926 /* MainTabBar.swift */ = {isa = PBXFileReference; lastKnownFileType = sourcecode.swift; path = MainTabBar.swift; sourceTree = "<group>"; };
		1898418429E59F7500298926 /* MoviesView.swift */ = {isa = PBXFileReference; lastKnownFileType = sourcecode.swift; path = MoviesView.swift; sourceTree = "<group>"; };
		1898418529E59F7500298926 /* DetaillMovieView.swift */ = {isa = PBXFileReference; lastKnownFileType = sourcecode.swift; path = DetaillMovieView.swift; sourceTree = "<group>"; };
		1898418629E59F7500298926 /* MovieView.swift */ = {isa = PBXFileReference; lastKnownFileType = sourcecode.swift; path = MovieView.swift; sourceTree = "<group>"; };
		1898418B29E59FA900298926 /* MovieModel.swift */ = {isa = PBXFileReference; fileEncoding = 4; lastKnownFileType = sourcecode.swift; path = MovieModel.swift; sourceTree = "<group>"; };
		1898418E29E5A02600298926 /* MovieViewModel.swift */ = {isa = PBXFileReference; fileEncoding = 4; lastKnownFileType = sourcecode.swift; path = MovieViewModel.swift; sourceTree = "<group>"; };
		18C0AC6229E69FF9009F9CEA /* Constants.swift */ = {isa = PBXFileReference; lastKnownFileType = sourcecode.swift; path = Constants.swift; sourceTree = "<group>"; };
		18C0AC6429E6B1F6009F9CEA /* MovieDetailViewModel.swift */ = {isa = PBXFileReference; lastKnownFileType = sourcecode.swift; path = MovieDetailViewModel.swift; sourceTree = "<group>"; };
		18C0AC6629E6BFD2009F9CEA /* PlayerView.swift */ = {isa = PBXFileReference; lastKnownFileType = sourcecode.swift; path = PlayerView.swift; sourceTree = "<group>"; };
		18C0AC6829E6D066009F9CEA /* WebKitView.swift */ = {isa = PBXFileReference; lastKnownFileType = sourcecode.swift; path = WebKitView.swift; sourceTree = "<group>"; };
		18C0AC6A29E6EF35009F9CEA /* DetailMovie.swift */ = {isa = PBXFileReference; lastKnownFileType = sourcecode.swift; path = DetailMovie.swift; sourceTree = "<group>"; };
/* End PBXFileReference section */

/* Begin PBXFrameworksBuildPhase section */
		1898416729E59E8900298926 /* Frameworks */ = {
			isa = PBXFrameworksBuildPhase;
			buildActionMask = 2147483647;
			files = (
				18C0AC6129E68F54009F9CEA /* SDWebImageSwiftUI in Frameworks */,
				18C0AC5B29E6845D009F9CEA /* Alamofire in Frameworks */,
				182EDA1329E9901F00E1CE38 /* YouTubePlayerKit in Frameworks */,
			);
			runOnlyForDeploymentPostprocessing = 0;
		};
/* End PBXFrameworksBuildPhase section */

/* Begin PBXGroup section */
		182EDA1029E98EF800E1CE38 /* UIKit */ = {
			isa = PBXGroup;
			children = (
				18C0AC6829E6D066009F9CEA /* WebKitView.swift */,
				182EDA0E29E98ED800E1CE38 /* YoutubeView.swift */,
				1881353B29EC27FE00DF9021 /* PhotoPicker.swift */,
			);
			path = UIKit;
			sourceTree = "<group>";
		};
		1877C31E29EA62F300D51BFB /* App */ = {
			isa = PBXGroup;
			children = (
				1898416D29E59E8900298926 /* MovieTrailersAppApp.swift */,
			);
			path = App;
			sourceTree = "<group>";
		};
		1877C31F29EA632000D51BFB /* Core */ = {
			isa = PBXGroup;
			children = (
				1877C33B29EABAE500D51BFB /* Controllers */,
				1898419029E5A02F00298926 /* ViewModels */,
				1898418A29E59F8C00298926 /* Views */,
			);
			path = Core;
			sourceTree = "<group>";
		};
		1877C32029EA634A00D51BFB /* Managers */ = {
			isa = PBXGroup;
			children = (
				1877C32129EA637C00D51BFB /* CoreData */,
			);
			path = Managers;
			sourceTree = "<group>";
		};
		1877C32129EA637C00D51BFB /* CoreData */ = {
			isa = PBXGroup;
			children = (
				1877C33E29EADA8900D51BFB /* CoredataManager.swift */,
				1877C34329EADB2800D51BFB /* MovieContainer.xcdatamodeld */,
			);
			path = CoreData;
			sourceTree = "<group>";
		};
		1877C32229EA639000D51BFB /* Resources */ = {
			isa = PBXGroup;
			children = (
				1898417129E59E8C00298926 /* Assets.xcassets */,
			);
			path = Resources;
			sourceTree = "<group>";
		};
		1877C32329EA63D200D51BFB /* SwiftUI */ = {
			isa = PBXGroup;
			children = (
				1877C32429EA63E600D51BFB /* TabBar */,
				1877C32529EA641000D51BFB /* MoviesView */,
				1877C32629EA659700D51BFB /* SearchView */,
				1877C34629EB04E600D51BFB /* FavoriteView */,
				1881353129EBE45F00DF9021 /* SettingsView */,
			);
			path = SwiftUI;
			sourceTree = "<group>";
		};
		1877C32429EA63E600D51BFB /* TabBar */ = {
			isa = PBXGroup;
			children = (
				1898418029E59EBF00298926 /* MainTabBar.swift */,
			);
			path = TabBar;
			sourceTree = "<group>";
		};
		1877C32529EA641000D51BFB /* MoviesView */ = {
			isa = PBXGroup;
			children = (
				1898418429E59F7500298926 /* MoviesView.swift */,
				1898418529E59F7500298926 /* DetaillMovieView.swift */,
				18C0AC6629E6BFD2009F9CEA /* PlayerView.swift */,
				1898418629E59F7500298926 /* MovieView.swift */,
			);
			path = MoviesView;
			sourceTree = "<group>";
		};
		1877C32629EA659700D51BFB /* SearchView */ = {
			isa = PBXGroup;
			children = (
				1877C33629EAABFC00D51BFB /* SearchView */,
				1877C33729EAAC4800D51BFB /* SearchMovieDetailView.swift */,
			);
			path = SearchView;
			sourceTree = "<group>";
		};
		1877C32929EA665800D51BFB /* MovieViewModel */ = {
			isa = PBXGroup;
			children = (
				1898418E29E5A02600298926 /* MovieViewModel.swift */,
				18C0AC6429E6B1F6009F9CEA /* MovieDetailViewModel.swift */,
			);
			path = MovieViewModel;
			sourceTree = "<group>";
		};
		1877C32A29EA66B800D51BFB /* SearchViewModel */ = {
			isa = PBXGroup;
			children = (
				1877C32B29EA66D800D51BFB /* SearchViewModel.swift */,
				1877C33929EAAFC000D51BFB /* SearchMovieDetailViewViewModel.swift */,
			);
			path = SearchViewModel;
			sourceTree = "<group>";
		};
		1877C32D29EA6F8300D51BFB /* SearchTextField */ = {
			isa = PBXGroup;
			children = (
				1877C32E29EA6FB700D51BFB /* SearchTextField.swift */,
			);
			path = SearchTextField;
			sourceTree = "<group>";
		};
		1877C33629EAABFC00D51BFB /* SearchView */ = {
			isa = PBXGroup;
			children = (
				1877C32729EA663400D51BFB /* SearchView.swift */,
				1877C33429EAAA2000D51BFB /* SearchMoviesView.swift */,
				1877C33229EA812A00D51BFB /* SearchMovieView.swift */,
				1877C32D29EA6F8300D51BFB /* SearchTextField */,
			);
			path = SearchView;
			sourceTree = "<group>";
		};
		1877C33B29EABAE500D51BFB /* Controllers */ = {
			isa = PBXGroup;
			children = (
				1877C33C29EABAF400D51BFB /* Launch Screen.storyboard */,
			);
			path = Controllers;
			sourceTree = "<group>";
		};
		1877C34629EB04E600D51BFB /* FavoriteView */ = {
			isa = PBXGroup;
			children = (
				1877C34729EB050F00D51BFB /* FavoriteView.swift */,
				1877C34C29EB0B0800D51BFB /* FavoriteCellView.swift */,
			);
			path = FavoriteView;
			sourceTree = "<group>";
		};
		1877C34929EB099900D51BFB /* FavoriteViewViewModel */ = {
			isa = PBXGroup;
			children = (
				1877C34A29EB09C000D51BFB /* FavoriteViewViewModel.swift */,
			);
			path = FavoriteViewViewModel;
			sourceTree = "<group>";
		};
		1881353129EBE45F00DF9021 /* SettingsView */ = {
			isa = PBXGroup;
			children = (
				1881353229EBE47900DF9021 /* SettingsView.swift */,
			);
			path = SettingsView;
			sourceTree = "<group>";
		};
		1881353D29EC2B7100DF9021 /* SettingViewViewModel */ = {
			isa = PBXGroup;
			children = (
				1881353429EBEEA900DF9021 /* SettingsViewViewModel.swift */,
			);
			path = SettingViewViewModel;
			sourceTree = "<group>";
		};
		1898416129E59E8900298926 = {
			isa = PBXGroup;
			children = (
				1898416C29E59E8900298926 /* MovieTrailersApp */,
				1898416B29E59E8900298926 /* Products */,
			);
			sourceTree = "<group>";
		};
		1898416B29E59E8900298926 /* Products */ = {
			isa = PBXGroup;
			children = (
				1898416A29E59E8900298926 /* MovieTrailersApp.app */,
			);
			name = Products;
			sourceTree = "<group>";
		};
		1898416C29E59E8900298926 /* MovieTrailersApp */ = {
			isa = PBXGroup;
			children = (
				1877C31E29EA62F300D51BFB /* App */,
				1877C32229EA639000D51BFB /* Resources */,
				1877C32029EA634A00D51BFB /* Managers */,
				1877C31F29EA632000D51BFB /* Core */,
				1898418D29E59FB000298926 /* Models */,
				1898417329E59E8C00298926 /* Preview Content */,
			);
			path = MovieTrailersApp;
			sourceTree = "<group>";
		};
		1898417329E59E8C00298926 /* Preview Content */ = {
			isa = PBXGroup;
			children = (
				1898417429E59E8C00298926 /* Preview Assets.xcassets */,
			);
			path = "Preview Content";
			sourceTree = "<group>";
		};
		1898418A29E59F8C00298926 /* Views */ = {
			isa = PBXGroup;
			children = (
				1877C32329EA63D200D51BFB /* SwiftUI */,
				182EDA1029E98EF800E1CE38 /* UIKit */,
			);
			path = Views;
			sourceTree = "<group>";
		};
		1898418D29E59FB000298926 /* Models */ = {
			isa = PBXGroup;
			children = (
				1898418B29E59FA900298926 /* MovieModel.swift */,
				18C0AC6229E69FF9009F9CEA /* Constants.swift */,
				18C0AC6A29E6EF35009F9CEA /* DetailMovie.swift */,
				18354E9829E83A3F00135876 /* DetailMovieModel.swift */,
				182EDA0C29E9580E00E1CE38 /* YoutubeVideo.swift */,
				1877C33029EA7F6600D51BFB /* SearchReasult.swift */,
				1881353629EBEF2200DF9021 /* UserModel.swift */,
			);
			path = Models;
			sourceTree = "<group>";
		};
		1898419029E5A02F00298926 /* ViewModels */ = {
			isa = PBXGroup;
			children = (
				1877C32929EA665800D51BFB /* MovieViewModel */,
				1877C32A29EA66B800D51BFB /* SearchViewModel */,
				1877C34929EB099900D51BFB /* FavoriteViewViewModel */,
				1881353D29EC2B7100DF9021 /* SettingViewViewModel */,
			);
			path = ViewModels;
			sourceTree = "<group>";
		};
/* End PBXGroup section */

/* Begin PBXNativeTarget section */
		1898416929E59E8900298926 /* MovieTrailersApp */ = {
			isa = PBXNativeTarget;
			buildConfigurationList = 1898417D29E59E8C00298926 /* Build configuration list for PBXNativeTarget "MovieTrailersApp" */;
			buildPhases = (
				1898416629E59E8900298926 /* Sources */,
				1898416729E59E8900298926 /* Frameworks */,
				1898416829E59E8900298926 /* Resources */,
			);
			buildRules = (
			);
			dependencies = (
			);
			name = MovieTrailersApp;
			packageProductDependencies = (
				18C0AC5A29E6845D009F9CEA /* Alamofire */,
				18C0AC6029E68F54009F9CEA /* SDWebImageSwiftUI */,
				182EDA1229E9901F00E1CE38 /* YouTubePlayerKit */,
			);
			productName = MovieTrailersApp;
			productReference = 1898416A29E59E8900298926 /* MovieTrailersApp.app */;
			productType = "com.apple.product-type.application";
		};
/* End PBXNativeTarget section */

/* Begin PBXProject section */
		1898416229E59E8900298926 /* Project object */ = {
			isa = PBXProject;
			attributes = {
				BuildIndependentTargetsInParallel = 1;
				LastSwiftUpdateCheck = 1400;
				LastUpgradeCheck = 1400;
				TargetAttributes = {
					1898416929E59E8900298926 = {
						CreatedOnToolsVersion = 14.0.1;
					};
				};
			};
			buildConfigurationList = 1898416529E59E8900298926 /* Build configuration list for PBXProject "MovieTrailersApp" */;
			compatibilityVersion = "Xcode 14.0";
			developmentRegion = en;
			hasScannedForEncodings = 0;
			knownRegions = (
				en,
				Base,
			);
			mainGroup = 1898416129E59E8900298926;
			packageReferences = (
				18C0AC5929E6845D009F9CEA /* XCRemoteSwiftPackageReference "Alamofire" */,
				18C0AC5F29E68F54009F9CEA /* XCRemoteSwiftPackageReference "SDWebImageSwiftUI" */,
				182EDA1129E9901F00E1CE38 /* XCRemoteSwiftPackageReference "YouTubePlayerKit" */,
			);
			productRefGroup = 1898416B29E59E8900298926 /* Products */;
			projectDirPath = "";
			projectRoot = "";
			targets = (
				1898416929E59E8900298926 /* MovieTrailersApp */,
			);
		};
/* End PBXProject section */

/* Begin PBXResourcesBuildPhase section */
		1898416829E59E8900298926 /* Resources */ = {
			isa = PBXResourcesBuildPhase;
			buildActionMask = 2147483647;
			files = (
				1877C33D29EABAF400D51BFB /* Launch Screen.storyboard in Resources */,
				1898417529E59E8C00298926 /* Preview Assets.xcassets in Resources */,
				1898417229E59E8C00298926 /* Assets.xcassets in Resources */,
			);
			runOnlyForDeploymentPostprocessing = 0;
		};
/* End PBXResourcesBuildPhase section */

/* Begin PBXSourcesBuildPhase section */
		1898416629E59E8900298926 /* Sources */ = {
			isa = PBXSourcesBuildPhase;
			buildActionMask = 2147483647;
			files = (
				1877C33329EA812A00D51BFB /* SearchMovieView.swift in Sources */,
				1898418C29E59FA900298926 /* MovieModel.swift in Sources */,
				1877C32829EA663400D51BFB /* SearchView.swift in Sources */,
				18C0AC6329E69FF9009F9CEA /* Constants.swift in Sources */,
				1898418F29E5A02600298926 /* MovieViewModel.swift in Sources */,
				1898418929E59F7500298926 /* MoviesView.swift in Sources */,
				1877C32C29EA66D800D51BFB /* SearchViewModel.swift in Sources */,
				18354E9929E83A3F00135876 /* DetailMovieModel.swift in Sources */,
				18C0AC6B29E6EF35009F9CEA /* DetailMovie.swift in Sources */,
				1877C34D29EB0B0800D51BFB /* FavoriteCellView.swift in Sources */,
				1898418729E59F7500298926 /* DetaillMovieView.swift in Sources */,
				18C0AC6929E6D066009F9CEA /* WebKitView.swift in Sources */,
				1877C32F29EA6FB700D51BFB /* SearchTextField.swift in Sources */,
				1877C34B29EB09C000D51BFB /* FavoriteViewViewModel.swift in Sources */,
				1881353329EBE47900DF9021 /* SettingsView.swift in Sources */,
				18C0AC6529E6B1F6009F9CEA /* MovieDetailViewModel.swift in Sources */,
				182EDA0F29E98ED800E1CE38 /* YoutubeView.swift in Sources */,
				18C0AC6729E6BFD2009F9CEA /* PlayerView.swift in Sources */,
				1877C34829EB050F00D51BFB /* FavoriteView.swift in Sources */,
				1898418829E59F7500298926 /* MovieView.swift in Sources */,
				182EDA0D29E9580E00E1CE38 /* YoutubeVideo.swift in Sources */,
				1881353529EBEEA900DF9021 /* SettingsViewViewModel.swift in Sources */,
				1881353C29EC27FE00DF9021 /* PhotoPicker.swift in Sources */,
				1877C33129EA7F6600D51BFB /* SearchReasult.swift in Sources */,
				1877C33529EAAA2000D51BFB /* SearchMoviesView.swift in Sources */,
				1877C33F29EADA8900D51BFB /* CoredataManager.swift in Sources */,
				1881353729EBEF2200DF9021 /* UserModel.swift in Sources */,
				1877C33829EAAC4800D51BFB /* SearchMovieDetailView.swift in Sources */,
				1877C33A29EAAFC000D51BFB /* SearchMovieDetailViewViewModel.swift in Sources */,
				1898418129E59EBF00298926 /* MainTabBar.swift in Sources */,
				1877C34529EADB2800D51BFB /* MovieContainer.xcdatamodeld in Sources */,
				1898416E29E59E8900298926 /* MovieTrailersAppApp.swift in Sources */,
			);
			runOnlyForDeploymentPostprocessing = 0;
		};
/* End PBXSourcesBuildPhase section */

/* Begin XCBuildConfiguration section */
		1898417B29E59E8C00298926 /* Debug */ = {
			isa = XCBuildConfiguration;
			buildSettings = {
				ALWAYS_SEARCH_USER_PATHS = NO;
				CLANG_ANALYZER_NONNULL = YES;
				CLANG_ANALYZER_NUMBER_OBJECT_CONVERSION = YES_AGGRESSIVE;
				CLANG_CXX_LANGUAGE_STANDARD = "gnu++20";
				CLANG_ENABLE_MODULES = YES;
				CLANG_ENABLE_OBJC_ARC = YES;
				CLANG_ENABLE_OBJC_WEAK = YES;
				CLANG_WARN_BLOCK_CAPTURE_AUTORELEASING = YES;
				CLANG_WARN_BOOL_CONVERSION = YES;
				CLANG_WARN_COMMA = YES;
				CLANG_WARN_CONSTANT_CONVERSION = YES;
				CLANG_WARN_DEPRECATED_OBJC_IMPLEMENTATIONS = YES;
				CLANG_WARN_DIRECT_OBJC_ISA_USAGE = YES_ERROR;
				CLANG_WARN_DOCUMENTATION_COMMENTS = YES;
				CLANG_WARN_EMPTY_BODY = YES;
				CLANG_WARN_ENUM_CONVERSION = YES;
				CLANG_WARN_INFINITE_RECURSION = YES;
				CLANG_WARN_INT_CONVERSION = YES;
				CLANG_WARN_NON_LITERAL_NULL_CONVERSION = YES;
				CLANG_WARN_OBJC_IMPLICIT_RETAIN_SELF = YES;
				CLANG_WARN_OBJC_LITERAL_CONVERSION = YES;
				CLANG_WARN_OBJC_ROOT_CLASS = YES_ERROR;
				CLANG_WARN_QUOTED_INCLUDE_IN_FRAMEWORK_HEADER = YES;
				CLANG_WARN_RANGE_LOOP_ANALYSIS = YES;
				CLANG_WARN_STRICT_PROTOTYPES = YES;
				CLANG_WARN_SUSPICIOUS_MOVE = YES;
				CLANG_WARN_UNGUARDED_AVAILABILITY = YES_AGGRESSIVE;
				CLANG_WARN_UNREACHABLE_CODE = YES;
				CLANG_WARN__DUPLICATE_METHOD_MATCH = YES;
				COPY_PHASE_STRIP = NO;
				DEBUG_INFORMATION_FORMAT = dwarf;
				ENABLE_STRICT_OBJC_MSGSEND = YES;
				ENABLE_TESTABILITY = YES;
				GCC_C_LANGUAGE_STANDARD = gnu11;
				GCC_DYNAMIC_NO_PIC = NO;
				GCC_NO_COMMON_BLOCKS = YES;
				GCC_OPTIMIZATION_LEVEL = 0;
				GCC_PREPROCESSOR_DEFINITIONS = (
					"DEBUG=1",
					"$(inherited)",
				);
				GCC_WARN_64_TO_32_BIT_CONVERSION = YES;
				GCC_WARN_ABOUT_RETURN_TYPE = YES_ERROR;
				GCC_WARN_UNDECLARED_SELECTOR = YES;
				GCC_WARN_UNINITIALIZED_AUTOS = YES_AGGRESSIVE;
				GCC_WARN_UNUSED_FUNCTION = YES;
				GCC_WARN_UNUSED_VARIABLE = YES;
				IPHONEOS_DEPLOYMENT_TARGET = 16.0;
				MTL_ENABLE_DEBUG_INFO = INCLUDE_SOURCE;
				MTL_FAST_MATH = YES;
				ONLY_ACTIVE_ARCH = YES;
				SDKROOT = iphoneos;
				SWIFT_ACTIVE_COMPILATION_CONDITIONS = DEBUG;
				SWIFT_OPTIMIZATION_LEVEL = "-Onone";
			};
			name = Debug;
		};
		1898417C29E59E8C00298926 /* Release */ = {
			isa = XCBuildConfiguration;
			buildSettings = {
				ALWAYS_SEARCH_USER_PATHS = NO;
				CLANG_ANALYZER_NONNULL = YES;
				CLANG_ANALYZER_NUMBER_OBJECT_CONVERSION = YES_AGGRESSIVE;
				CLANG_CXX_LANGUAGE_STANDARD = "gnu++20";
				CLANG_ENABLE_MODULES = YES;
				CLANG_ENABLE_OBJC_ARC = YES;
				CLANG_ENABLE_OBJC_WEAK = YES;
				CLANG_WARN_BLOCK_CAPTURE_AUTORELEASING = YES;
				CLANG_WARN_BOOL_CONVERSION = YES;
				CLANG_WARN_COMMA = YES;
				CLANG_WARN_CONSTANT_CONVERSION = YES;
				CLANG_WARN_DEPRECATED_OBJC_IMPLEMENTATIONS = YES;
				CLANG_WARN_DIRECT_OBJC_ISA_USAGE = YES_ERROR;
				CLANG_WARN_DOCUMENTATION_COMMENTS = YES;
				CLANG_WARN_EMPTY_BODY = YES;
				CLANG_WARN_ENUM_CONVERSION = YES;
				CLANG_WARN_INFINITE_RECURSION = YES;
				CLANG_WARN_INT_CONVERSION = YES;
				CLANG_WARN_NON_LITERAL_NULL_CONVERSION = YES;
				CLANG_WARN_OBJC_IMPLICIT_RETAIN_SELF = YES;
				CLANG_WARN_OBJC_LITERAL_CONVERSION = YES;
				CLANG_WARN_OBJC_ROOT_CLASS = YES_ERROR;
				CLANG_WARN_QUOTED_INCLUDE_IN_FRAMEWORK_HEADER = YES;
				CLANG_WARN_RANGE_LOOP_ANALYSIS = YES;
				CLANG_WARN_STRICT_PROTOTYPES = YES;
				CLANG_WARN_SUSPICIOUS_MOVE = YES;
				CLANG_WARN_UNGUARDED_AVAILABILITY = YES_AGGRESSIVE;
				CLANG_WARN_UNREACHABLE_CODE = YES;
				CLANG_WARN__DUPLICATE_METHOD_MATCH = YES;
				COPY_PHASE_STRIP = NO;
				DEBUG_INFORMATION_FORMAT = "dwarf-with-dsym";
				ENABLE_NS_ASSERTIONS = NO;
				ENABLE_STRICT_OBJC_MSGSEND = YES;
				GCC_C_LANGUAGE_STANDARD = gnu11;
				GCC_NO_COMMON_BLOCKS = YES;
				GCC_WARN_64_TO_32_BIT_CONVERSION = YES;
				GCC_WARN_ABOUT_RETURN_TYPE = YES_ERROR;
				GCC_WARN_UNDECLARED_SELECTOR = YES;
				GCC_WARN_UNINITIALIZED_AUTOS = YES_AGGRESSIVE;
				GCC_WARN_UNUSED_FUNCTION = YES;
				GCC_WARN_UNUSED_VARIABLE = YES;
				IPHONEOS_DEPLOYMENT_TARGET = 16.0;
				MTL_ENABLE_DEBUG_INFO = NO;
				MTL_FAST_MATH = YES;
				SDKROOT = iphoneos;
				SWIFT_COMPILATION_MODE = wholemodule;
				SWIFT_OPTIMIZATION_LEVEL = "-O";
				VALIDATE_PRODUCT = YES;
			};
			name = Release;
		};
		1898417E29E59E8C00298926 /* Debug */ = {
			isa = XCBuildConfiguration;
			buildSettings = {
				ASSETCATALOG_COMPILER_APPICON_NAME = AppIcon;
				ASSETCATALOG_COMPILER_GLOBAL_ACCENT_COLOR_NAME = AccentColor;
				CODE_SIGN_STYLE = Automatic;
				CURRENT_PROJECT_VERSION = 1;
				DEVELOPMENT_ASSET_PATHS = "\"MovieTrailersApp/Preview Content\"";
				DEVELOPMENT_TEAM = 4BBUSC332Y;
				ENABLE_PREVIEWS = YES;
				GENERATE_INFOPLIST_FILE = YES;
				INFOPLIST_KEY_UIApplicationSceneManifest_Generation = YES;
				INFOPLIST_KEY_UIApplicationSupportsIndirectInputEvents = YES;
				INFOPLIST_KEY_UILaunchScreen_Generation = YES;
				INFOPLIST_KEY_UILaunchStoryboardName = "Launch Screen.storyboard";
				INFOPLIST_KEY_UISupportedInterfaceOrientations = UIInterfaceOrientationPortrait;
				LD_RUNPATH_SEARCH_PATHS = (
					"$(inherited)",
					"@executable_path/Frameworks",
				);
				MARKETING_VERSION = 1.0;
				PRODUCT_BUNDLE_IDENTIFIER = com.TwitterCloneApp.MovieTrailersApp;
				PRODUCT_NAME = "$(TARGET_NAME)";
				SWIFT_EMIT_LOC_STRINGS = YES;
				SWIFT_VERSION = 5.0;
				TARGETED_DEVICE_FAMILY = "1,2";
			};
			name = Debug;
		};
		1898417F29E59E8C00298926 /* Release */ = {
			isa = XCBuildConfiguration;
			buildSettings = {
				ASSETCATALOG_COMPILER_APPICON_NAME = AppIcon;
				ASSETCATALOG_COMPILER_GLOBAL_ACCENT_COLOR_NAME = AccentColor;
				CODE_SIGN_STYLE = Automatic;
				CURRENT_PROJECT_VERSION = 1;
				DEVELOPMENT_ASSET_PATHS = "\"MovieTrailersApp/Preview Content\"";
				DEVELOPMENT_TEAM = 4BBUSC332Y;
				ENABLE_PREVIEWS = YES;
				GENERATE_INFOPLIST_FILE = YES;
				INFOPLIST_KEY_UIApplicationSceneManifest_Generation = YES;
				INFOPLIST_KEY_UIApplicationSupportsIndirectInputEvents = YES;
				INFOPLIST_KEY_UILaunchScreen_Generation = YES;
				INFOPLIST_KEY_UILaunchStoryboardName = "Launch Screen.storyboard";
				INFOPLIST_KEY_UISupportedInterfaceOrientations = UIInterfaceOrientationPortrait;
				LD_RUNPATH_SEARCH_PATHS = (
					"$(inherited)",
					"@executable_path/Frameworks",
				);
				MARKETING_VERSION = 1.0;
				PRODUCT_BUNDLE_IDENTIFIER = com.TwitterCloneApp.MovieTrailersApp;
				PRODUCT_NAME = "$(TARGET_NAME)";
				SWIFT_EMIT_LOC_STRINGS = YES;
				SWIFT_VERSION = 5.0;
				TARGETED_DEVICE_FAMILY = "1,2";
			};
			name = Release;
		};
/* End XCBuildConfiguration section */

/* Begin XCConfigurationList section */
		1898416529E59E8900298926 /* Build configuration list for PBXProject "MovieTrailersApp" */ = {
			isa = XCConfigurationList;
			buildConfigurations = (
				1898417B29E59E8C00298926 /* Debug */,
				1898417C29E59E8C00298926 /* Release */,
			);
			defaultConfigurationIsVisible = 0;
			defaultConfigurationName = Release;
		};
		1898417D29E59E8C00298926 /* Build configuration list for PBXNativeTarget "MovieTrailersApp" */ = {
			isa = XCConfigurationList;
			buildConfigurations = (
				1898417E29E59E8C00298926 /* Debug */,
				1898417F29E59E8C00298926 /* Release */,
			);
			defaultConfigurationIsVisible = 0;
			defaultConfigurationName = Release;
		};
/* End XCConfigurationList section */

/* Begin XCRemoteSwiftPackageReference section */
		182EDA1129E9901F00E1CE38 /* XCRemoteSwiftPackageReference "YouTubePlayerKit" */ = {
			isa = XCRemoteSwiftPackageReference;
			repositoryURL = "https://github.com/SvenTiigi/YouTubePlayerKit";
			requirement = {
				kind = upToNextMajorVersion;
				minimumVersion = 1.0.0;
			};
		};
		18C0AC5929E6845D009F9CEA /* XCRemoteSwiftPackageReference "Alamofire" */ = {
			isa = XCRemoteSwiftPackageReference;
			repositoryURL = "https://github.com/Alamofire/Alamofire";
			requirement = {
				kind = upToNextMajorVersion;
				minimumVersion = 5.0.0;
			};
		};
		18C0AC5F29E68F54009F9CEA /* XCRemoteSwiftPackageReference "SDWebImageSwiftUI" */ = {
			isa = XCRemoteSwiftPackageReference;
			repositoryURL = "https://github.com/SDWebImage/SDWebImageSwiftUI";
			requirement = {
				kind = upToNextMajorVersion;
				minimumVersion = 2.0.0;
			};
		};
/* End XCRemoteSwiftPackageReference section */

/* Begin XCSwiftPackageProductDependency section */
		182EDA1229E9901F00E1CE38 /* YouTubePlayerKit */ = {
			isa = XCSwiftPackageProductDependency;
			package = 182EDA1129E9901F00E1CE38 /* XCRemoteSwiftPackageReference "YouTubePlayerKit" */;
			productName = YouTubePlayerKit;
		};
		18C0AC5A29E6845D009F9CEA /* Alamofire */ = {
			isa = XCSwiftPackageProductDependency;
			package = 18C0AC5929E6845D009F9CEA /* XCRemoteSwiftPackageReference "Alamofire" */;
			productName = Alamofire;
		};
		18C0AC6029E68F54009F9CEA /* SDWebImageSwiftUI */ = {
			isa = XCSwiftPackageProductDependency;
			package = 18C0AC5F29E68F54009F9CEA /* XCRemoteSwiftPackageReference "SDWebImageSwiftUI" */;
			productName = SDWebImageSwiftUI;
		};
/* End XCSwiftPackageProductDependency section */

/* Begin XCVersionGroup section */
		1877C34329EADB2800D51BFB /* MovieContainer.xcdatamodeld */ = {
			isa = XCVersionGroup;
			children = (
				1877C34429EADB2800D51BFB /* MovieContainer.xcdatamodel */,
			);
			currentVersion = 1877C34429EADB2800D51BFB /* MovieContainer.xcdatamodel */;
			path = MovieContainer.xcdatamodeld;
			sourceTree = "<group>";
			versionGroupType = wrapper.xcdatamodel;
		};
/* End XCVersionGroup section */
	};
	rootObject = 1898416229E59E8900298926 /* Project object */;
}
